{
  "requires": true,
  "lockfileVersion": 1,
  "dependencies": {
    "@maveio/metrics": {
      "version": "0.1.0",
      "resolved": "https://registry.npmjs.org/@maveio/metrics/-/metrics-0.1.0.tgz",
      "integrity": "sha512-T6L3gTP0I+hMMs3ifVdYv5AtyOjlkE5mdg9z8z01mC2f4paxoY2k9B8hssC51PxkAhpGA1SsAsumjllvPv/4pw==",
      "requires": {
        "phoenix": "^1.7.10"
      }
    },
    "hls.js": {
      "version": "1.4.12",
      "resolved": "https://registry.npmjs.org/hls.js/-/hls.js-1.4.12.tgz",
      "integrity": "sha512-1RBpx2VihibzE3WE9kGoVCtrhhDWTzydzElk/kyRbEOLnb1WIE+3ZabM/L8BqKFTCL3pUy4QzhXgD1Q6Igr1JA=="
    },
    "phoenix": {
      "version": "1.7.11",
      "resolved": "https://registry.npmjs.org/phoenix/-/phoenix-1.7.11.tgz",
      "integrity": "sha512-aeikMR/Qh6gAygY45d5p/B7srqH60h0GbCIauEAStAtRUq4hvlkzDTyDj1NJidJEV9IKFhZe7f9L+zosUJdF/g=="
    }
  }
}
