{
  "requires": true,
  "lockfileVersion": 1,
  "dependencies": {
    "@maveio/metrics": {
      "version": "0.0.5",
      "resolved": "https://registry.npmjs.org/@maveio/metrics/-/metrics-0.0.5.tgz",
      "integrity": "sha512-rT2+YnOFVvLOxceq8JxwBXMep6UTSMuQTpnEepgbovqfa+wNCMOMTYPAUxK7qBY/AKotYneE+/F5UzmqGNywdg==",
      "requires": {
        "phoenix": "^1.6.16"
      }
    },
    "hls.js": {
      "version": "1.4.12",
      "resolved": "https://registry.npmjs.org/hls.js/-/hls.js-1.4.12.tgz",
      "integrity": "sha512-1RBpx2VihibzE3WE9kGoVCtrhhDWTzydzElk/kyRbEOLnb1WIE+3ZabM/L8BqKFTCL3pUy4QzhXgD1Q6Igr1JA=="
    },
    "phoenix": {
      "version": "1.7.9",
      "resolved": "https://registry.npmjs.org/phoenix/-/phoenix-1.7.9.tgz",
      "integrity": "sha512-oHBka/WCKVtFHNCCqnVDxiSHQZ0vvV0pU1I4oBmm68rNvGH3lVjdNGLRhK0+c3zcfsrqgpRS2p+Et6N4QAd2LQ=="
    }
  }
}
