{
  "name": "assets",
  "lockfileVersion": 3,
  "requires": true,
  "packages": {
    "": {
      "dependencies": {
        "@maveio/metrics": "^0.0.3",
        "hls.js": "^1.4.3"
      }
    },
    "node_modules/@maveio/metrics": {
      "version": "0.0.3",
      "resolved": "https://registry.npmjs.org/@maveio/metrics/-/metrics-0.0.3.tgz",
      "integrity": "sha512-hyL4FUsuQ6dAflNM+m6SouotIxZnpD8v+R/v7hZ1q3hkdTcggS8rp08pyEEvRjyuJxQD2dBCbap5JVGdqMFAVg==",
      "dependencies": {
        "phoenix": "^1.6.16"
      }
    },
    "node_modules/hls.js": {
      "version": "1.4.3",
      "resolved": "https://registry.npmjs.org/hls.js/-/hls.js-1.4.3.tgz",
      "integrity": "sha512-EE1MjIYDNO+ynbmCpAWfhUwQpyG8gUcKKuGDGgYgfRmW/g+inQUQ8sVVVY5WZaCxEGxDMGLbXhXGepkmDIMvdw=="
    },
    "node_modules/phoenix": {
      "version": "1.7.2",
      "resolved": "https://registry.npmjs.org/phoenix/-/phoenix-1.7.2.tgz",
      "integrity": "sha512-jwWDOsUNEQZkLNSwzfLJ6AMFUkyZ+ILU+NkBBtoAK020QPpV/dYEQHGMQoFScj89MFjJlLdkE1W97i8S+4FdGg=="
    }
  }
}
